
Microsoft Visual Studio Solution File, Format Version 12.00
# Visual Studio Version 17
VisualStudioVersion = 17.9.34723.18
MinimumVisualStudioVersion = 10.0.40219.1
Project("{FAE04EC0-301F-11D3-BF4B-00C04F79EFBC}") = "CoreAPIBank", "CoreAPIBank\CoreAPIBank.csproj", "{612A56FB-14D5-4305-BDF9-B3AADE4443D2}"
EndProject
Global
	GlobalSection(SolutionConfigurationPlatforms) = preSolution
		Debug|Any CPU = Debug|Any CPU
		Release|Any CPU = Release|Any CPU
	EndGlobalSection
	GlobalSection(ProjectConfigurationPlatforms) = postSolution
		{612A56FB-14D5-4305-BDF9-B3AADE4443D2}.Debug|Any CPU.ActiveCfg = Debug|Any CPU
		{612A56FB-14D5-4305-BDF9-B3AADE4443D2}.Debug|Any CPU.Build.0 = Debug|Any CPU
		{612A56FB-14D5-4305-BDF9-B3AADE4443D2}.Release|Any CPU.ActiveCfg = Release|Any CPU
		{612A56FB-14D5-4305-BDF9-B3AADE4443D2}.Release|Any CPU.Build.0 = Release|Any CPU
	EndGlobalSection
	GlobalSection(SolutionProperties) = preSolution
		HideSolutionNode = FALSE
	EndGlobalSection
	GlobalSection(ExtensibilityGlobals) = postSolution
		SolutionGuid = {892A267E-67FC-40C5-BA5E-CCD7FA1C4F1B}
	EndGlobalSection
EndGlobal
